// !$*UTF8*$!
{
	archiveVersion = 1;
	classes = {
	};
	objectVersion = 56;
	objects = {

/* Begin PBXBuildFile section */
		9E13CF8D2910147C00646E92 /* MarketsApp.swift in Sources */ = {isa = PBXBuildFile; fileRef = 9E13CF8C2910147C00646E92 /* MarketsApp.swift */; };
		9E13CF8F2910147C00646E92 /* StockListView.swift in Sources */ = {isa = PBXBuildFile; fileRef = 9E13CF8E2910147C00646E92 /* StockListView.swift */; };
		9E13CF912910148500646E92 /* Assets.xcassets in Resources */ = {isa = PBXBuildFile; fileRef = 9E13CF902910148500646E92 /* Assets.xcassets */; };
		9E13CF942910148500646E92 /* Preview Assets.xcassets in Resources */ = {isa = PBXBuildFile; fileRef = 9E13CF932910148500646E92 /* Preview Assets.xcassets */; };
		9E13CF9E2910148600646E92 /* MarketsAppTests.swift in Sources */ = {isa = PBXBuildFile; fileRef = 9E13CF9D2910148600646E92 /* MarketsAppTests.swift */; };
		9E13CFA82910148600646E92 /* MarketsAppUITests.swift in Sources */ = {isa = PBXBuildFile; fileRef = 9E13CFA72910148600646E92 /* MarketsAppUITests.swift */; };
		9E13CFAA2910148600646E92 /* MarketsAppUITestsLaunchTests.swift in Sources */ = {isa = PBXBuildFile; fileRef = 9E13CFA92910148600646E92 /* MarketsAppUITestsLaunchTests.swift */; };
		9E13CFC02910215C00646E92 /* StocksAPI in Frameworks */ = {isa = PBXBuildFile; productRef = 9E13CFBF2910215C00646E92 /* StocksAPI */; };
		9E2455DF291068340002EC93 /* EmptyStateView.swift in Sources */ = {isa = PBXBuildFile; fileRef = 9E2455DE291068330002EC93 /* EmptyStateView.swift */; };
		9E2455E1291069EE0002EC93 /* ErrorStateView.swift in Sources */ = {isa = PBXBuildFile; fileRef = 9E2455E0291069EE0002EC93 /* ErrorStateView.swift */; };
		9E2455E329106B510002EC93 /* LoadingStateView.swift in Sources */ = {isa = PBXBuildFile; fileRef = 9E2455E229106B510002EC93 /* LoadingStateView.swift */; };
		9E2455E629106EAE0002EC93 /* AppViewModel.swift in Sources */ = {isa = PBXBuildFile; fileRef = 9E2455E529106EAE0002EC93 /* AppViewModel.swift */; };
		9E2455E929106F370002EC93 /* Stubs.swift in Sources */ = {isa = PBXBuildFile; fileRef = 9E2455E829106F370002EC93 /* Stubs.swift */; };
		9E2455EB291070330002EC93 /* QuotesViewModel.swift in Sources */ = {isa = PBXBuildFile; fileRef = 9E2455EA291070330002EC93 /* QuotesViewModel.swift */; };
		9E2455EE2910709B0002EC93 /* Utils.swift in Sources */ = {isa = PBXBuildFile; fileRef = 9E2455ED2910709B0002EC93 /* Utils.swift */; };
		9E2455F1291072E90002EC93 /* Quote + Extensions.swift in Sources */ = {isa = PBXBuildFile; fileRef = 9E2455F0291072E90002EC93 /* Quote + Extensions.swift */; };
		9E2455F4291174D80002EC93 /* StocksAPI.swift in Sources */ = {isa = PBXBuildFile; fileRef = 9E2455F3291174D80002EC93 /* StocksAPI.swift */; };
		9E2455F62911758E0002EC93 /* MockStocksAPI.swift in Sources */ = {isa = PBXBuildFile; fileRef = 9E2455F52911758E0002EC93 /* MockStocksAPI.swift */; };
		9E2455F829117FB90002EC93 /* FetchState.swift in Sources */ = {isa = PBXBuildFile; fileRef = 9E2455F729117FB90002EC93 /* FetchState.swift */; };
		9E2455FC2911A1E60002EC93 /* StockTickerView.swift in Sources */ = {isa = PBXBuildFile; fileRef = 9E2455FB2911A1E60002EC93 /* StockTickerView.swift */; };
		9E2455FE2911A24B0002EC93 /* TickerQuoteViewModel.swift in Sources */ = {isa = PBXBuildFile; fileRef = 9E2455FD2911A24B0002EC93 /* TickerQuoteViewModel.swift */; };
		9E2456022911A4B70002EC93 /* QuoteDetailRowColumnView.swift in Sources */ = {isa = PBXBuildFile; fileRef = 9E2456012911A4B70002EC93 /* QuoteDetailRowColumnView.swift */; };
		9E2456042911A9530002EC93 /* Foundation + Extensions.swift in Sources */ = {isa = PBXBuildFile; fileRef = 9E2456032911A9530002EC93 /* Foundation + Extensions.swift */; };
		9E2456062911ABE70002EC93 /* DateRangePickerView.swift in Sources */ = {isa = PBXBuildFile; fileRef = 9E2456052911ABE70002EC93 /* DateRangePickerView.swift */; };
		9E2456082911AC420002EC93 /* ChartRange + Extensions.swift in Sources */ = {isa = PBXBuildFile; fileRef = 9E2456072911AC420002EC93 /* ChartRange + Extensions.swift */; };
		9EE8380B2910222700CE13EA /* TickerListRowData.swift in Sources */ = {isa = PBXBuildFile; fileRef = 9EE8380A2910222700CE13EA /* TickerListRowData.swift */; };
		9EE8380E29105DF900CE13EA /* TickerListRowView.swift in Sources */ = {isa = PBXBuildFile; fileRef = 9EE8380D29105DF900CE13EA /* TickerListRowView.swift */; };
/* End PBXBuildFile section */

/* Begin PBXContainerItemProxy section */
		9E13CF9A2910148600646E92 /* PBXContainerItemProxy */ = {
			isa = PBXContainerItemProxy;
			containerPortal = 9E13CF812910147B00646E92 /* Project object */;
			proxyType = 1;
			remoteGlobalIDString = 9E13CF882910147C00646E92;
			remoteInfo = MarketsApp;
		};
		9E13CFA42910148600646E92 /* PBXContainerItemProxy */ = {
			isa = PBXContainerItemProxy;
			containerPortal = 9E13CF812910147B00646E92 /* Project object */;
			proxyType = 1;
			remoteGlobalIDString = 9E13CF882910147C00646E92;
			remoteInfo = MarketsApp;
		};
/* End PBXContainerItemProxy section */

/* Begin PBXFileReference section */
		9E13CF892910147C00646E92 /* MarketsApp.app */ = {isa = PBXFileReference; explicitFileType = wrapper.application; includeInIndex = 0; path = MarketsApp.app; sourceTree = BUILT_PRODUCTS_DIR; };
		9E13CF8C2910147C00646E92 /* MarketsApp.swift */ = {isa = PBXFileReference; lastKnownFileType = sourcecode.swift; path = MarketsApp.swift; sourceTree = "<group>"; };
		9E13CF8E2910147C00646E92 /* StockListView.swift */ = {isa = PBXFileReference; lastKnownFileType = sourcecode.swift; path = StockListView.swift; sourceTree = "<group>"; };
		9E13CF902910148500646E92 /* Assets.xcassets */ = {isa = PBXFileReference; lastKnownFileType = folder.assetcatalog; path = Assets.xcassets; sourceTree = "<group>"; };
		9E13CF932910148500646E92 /* Preview Assets.xcassets */ = {isa = PBXFileReference; lastKnownFileType = folder.assetcatalog; path = "Preview Assets.xcassets"; sourceTree = "<group>"; };
		9E13CF992910148600646E92 /* MarketsAppTests.xctest */ = {isa = PBXFileReference; explicitFileType = wrapper.cfbundle; includeInIndex = 0; path = MarketsAppTests.xctest; sourceTree = BUILT_PRODUCTS_DIR; };
		9E13CF9D2910148600646E92 /* MarketsAppTests.swift */ = {isa = PBXFileReference; lastKnownFileType = sourcecode.swift; path = MarketsAppTests.swift; sourceTree = "<group>"; };
		9E13CFA32910148600646E92 /* MarketsAppUITests.xctest */ = {isa = PBXFileReference; explicitFileType = wrapper.cfbundle; includeInIndex = 0; path = MarketsAppUITests.xctest; sourceTree = BUILT_PRODUCTS_DIR; };
		9E13CFA72910148600646E92 /* MarketsAppUITests.swift */ = {isa = PBXFileReference; lastKnownFileType = sourcecode.swift; path = MarketsAppUITests.swift; sourceTree = "<group>"; };
		9E13CFA92910148600646E92 /* MarketsAppUITestsLaunchTests.swift */ = {isa = PBXFileReference; lastKnownFileType = sourcecode.swift; path = MarketsAppUITestsLaunchTests.swift; sourceTree = "<group>"; };
		9E13CFBD2910214D00646E92 /* StocksAPI */ = {isa = PBXFileReference; lastKnownFileType = wrapper; name = StocksAPI; path = ../../StocksAPI/StocksAPI; sourceTree = "<group>"; };
		9E2455DE291068330002EC93 /* EmptyStateView.swift */ = {isa = PBXFileReference; lastKnownFileType = sourcecode.swift; path = EmptyStateView.swift; sourceTree = "<group>"; };
		9E2455E0291069EE0002EC93 /* ErrorStateView.swift */ = {isa = PBXFileReference; lastKnownFileType = sourcecode.swift; path = ErrorStateView.swift; sourceTree = "<group>"; };
		9E2455E229106B510002EC93 /* LoadingStateView.swift */ = {isa = PBXFileReference; lastKnownFileType = sourcecode.swift; path = LoadingStateView.swift; sourceTree = "<group>"; };
		9E2455E529106EAE0002EC93 /* AppViewModel.swift */ = {isa = PBXFileReference; lastKnownFileType = sourcecode.swift; path = AppViewModel.swift; sourceTree = "<group>"; };
		9E2455E829106F370002EC93 /* Stubs.swift */ = {isa = PBXFileReference; lastKnownFileType = sourcecode.swift; path = Stubs.swift; sourceTree = "<group>"; };
		9E2455EA291070330002EC93 /* QuotesViewModel.swift */ = {isa = PBXFileReference; lastKnownFileType = sourcecode.swift; path = QuotesViewModel.swift; sourceTree = "<group>"; };
		9E2455ED2910709B0002EC93 /* Utils.swift */ = {isa = PBXFileReference; lastKnownFileType = sourcecode.swift; path = Utils.swift; sourceTree = "<group>"; };
		9E2455F0291072E90002EC93 /* Quote + Extensions.swift */ = {isa = PBXFileReference; lastKnownFileType = sourcecode.swift; path = "Quote + Extensions.swift"; sourceTree = "<group>"; };
		9E2455F3291174D80002EC93 /* StocksAPI.swift */ = {isa = PBXFileReference; lastKnownFileType = sourcecode.swift; path = StocksAPI.swift; sourceTree = "<group>"; };
		9E2455F52911758E0002EC93 /* MockStocksAPI.swift */ = {isa = PBXFileReference; lastKnownFileType = sourcecode.swift; path = MockStocksAPI.swift; sourceTree = "<group>"; };
		9E2455F729117FB90002EC93 /* FetchState.swift */ = {isa = PBXFileReference; lastKnownFileType = sourcecode.swift; path = FetchState.swift; sourceTree = "<group>"; };
		9E2455FB2911A1E60002EC93 /* StockTickerView.swift */ = {isa = PBXFileReference; lastKnownFileType = sourcecode.swift; path = StockTickerView.swift; sourceTree = "<group>"; };
		9E2455FD2911A24B0002EC93 /* TickerQuoteViewModel.swift */ = {isa = PBXFileReference; lastKnownFileType = sourcecode.swift; path = TickerQuoteViewModel.swift; sourceTree = "<group>"; };
		9E2456012911A4B70002EC93 /* QuoteDetailRowColumnView.swift */ = {isa = PBXFileReference; lastKnownFileType = sourcecode.swift; path = QuoteDetailRowColumnView.swift; sourceTree = "<group>"; };
		9E2456032911A9530002EC93 /* Foundation + Extensions.swift */ = {isa = PBXFileReference; lastKnownFileType = sourcecode.swift; path = "Foundation + Extensions.swift"; sourceTree = "<group>"; };
		9E2456052911ABE70002EC93 /* DateRangePickerView.swift */ = {isa = PBXFileReference; lastKnownFileType = sourcecode.swift; path = DateRangePickerView.swift; sourceTree = "<group>"; };
		9E2456072911AC420002EC93 /* ChartRange + Extensions.swift */ = {isa = PBXFileReference; lastKnownFileType = sourcecode.swift; path = "ChartRange + Extensions.swift"; sourceTree = "<group>"; };
		9EE8380A2910222700CE13EA /* TickerListRowData.swift */ = {isa = PBXFileReference; lastKnownFileType = sourcecode.swift; path = TickerListRowData.swift; sourceTree = "<group>"; };
		9EE8380D29105DF900CE13EA /* TickerListRowView.swift */ = {isa = PBXFileReference; lastKnownFileType = sourcecode.swift; path = TickerListRowView.swift; sourceTree = "<group>"; };
/* End PBXFileReference section */

/* Begin PBXFrameworksBuildPhase section */
		9E13CF862910147C00646E92 /* Frameworks */ = {
			isa = PBXFrameworksBuildPhase;
			buildActionMask = 2147483647;
			files = (
				9E13CFC02910215C00646E92 /* StocksAPI in Frameworks */,
			);
			runOnlyForDeploymentPostprocessing = 0;
		};
		9E13CF962910148600646E92 /* Frameworks */ = {
			isa = PBXFrameworksBuildPhase;
			buildActionMask = 2147483647;
			files = (
			);
			runOnlyForDeploymentPostprocessing = 0;
		};
		9E13CFA02910148600646E92 /* Frameworks */ = {
			isa = PBXFrameworksBuildPhase;
			buildActionMask = 2147483647;
			files = (
			);
			runOnlyForDeploymentPostprocessing = 0;
		};
/* End PBXFrameworksBuildPhase section */

/* Begin PBXGroup section */
		9E13CF802910147B00646E92 = {
			isa = PBXGroup;
			children = (
				9E13CFBC2910214D00646E92 /* Packages */,
				9E13CF8B2910147C00646E92 /* MarketsApp */,
				9E13CF9C2910148600646E92 /* MarketsAppTests */,
				9E13CFA62910148600646E92 /* MarketsAppUITests */,
				9E13CF8A2910147C00646E92 /* Products */,
				9E13CFBE2910215C00646E92 /* Frameworks */,
			);
			sourceTree = "<group>";
		};
		9E13CF8A2910147C00646E92 /* Products */ = {
			isa = PBXGroup;
			children = (
				9E13CF892910147C00646E92 /* MarketsApp.app */,
				9E13CF992910148600646E92 /* MarketsAppTests.xctest */,
				9E13CFA32910148600646E92 /* MarketsAppUITests.xctest */,
			);
			name = Products;
			sourceTree = "<group>";
		};
		9E13CF8B2910147C00646E92 /* MarketsApp */ = {
			isa = PBXGroup;
			children = (
				9E2455F2291174C00002EC93 /* Services */,
				9E2455EF291072CC0002EC93 /* Extensions */,
				9E2455E729106EF60002EC93 /* Mocks & Stubs */,
				9E2455E429106E980002EC93 /* ViewModels */,
				9EE8380C29105DDA00CE13EA /* Views */,
				9EE838092910220B00CE13EA /* Models */,
				9E13CF8C2910147C00646E92 /* MarketsApp.swift */,
				9E13CF902910148500646E92 /* Assets.xcassets */,
				9E13CF922910148500646E92 /* Preview Content */,
				9E2455ED2910709B0002EC93 /* Utils.swift */,
			);
			path = MarketsApp;
			sourceTree = "<group>";
		};
		9E13CF922910148500646E92 /* Preview Content */ = {
			isa = PBXGroup;
			children = (
				9E13CF932910148500646E92 /* Preview Assets.xcassets */,
			);
			path = "Preview Content";
			sourceTree = "<group>";
		};
		9E13CF9C2910148600646E92 /* MarketsAppTests */ = {
			isa = PBXGroup;
			children = (
				9E13CF9D2910148600646E92 /* MarketsAppTests.swift */,
			);
			path = MarketsAppTests;
			sourceTree = "<group>";
		};
		9E13CFA62910148600646E92 /* MarketsAppUITests */ = {
			isa = PBXGroup;
			children = (
				9E13CFA72910148600646E92 /* MarketsAppUITests.swift */,
				9E13CFA92910148600646E92 /* MarketsAppUITestsLaunchTests.swift */,
			);
			path = MarketsAppUITests;
			sourceTree = "<group>";
		};
		9E13CFBC2910214D00646E92 /* Packages */ = {
			isa = PBXGroup;
			children = (
				9E13CFBD2910214D00646E92 /* StocksAPI */,
			);
			name = Packages;
			sourceTree = "<group>";
		};
		9E13CFBE2910215C00646E92 /* Frameworks */ = {
			isa = PBXGroup;
			children = (
			);
			name = Frameworks;
			sourceTree = "<group>";
		};
		9E2455DD2910681F0002EC93 /* Common */ = {
			isa = PBXGroup;
			children = (
				9E2455DE291068330002EC93 /* EmptyStateView.swift */,
				9E2455E0291069EE0002EC93 /* ErrorStateView.swift */,
				9E2455E229106B510002EC93 /* LoadingStateView.swift */,
			);
			path = Common;
			sourceTree = "<group>";
		};
		9E2455E429106E980002EC93 /* ViewModels */ = {
			isa = PBXGroup;
			children = (
				9E2455E529106EAE0002EC93 /* AppViewModel.swift */,
				9E2455EA291070330002EC93 /* QuotesViewModel.swift */,
				9E2455FD2911A24B0002EC93 /* TickerQuoteViewModel.swift */,
			);
			path = ViewModels;
			sourceTree = "<group>";
		};
		9E2455E729106EF60002EC93 /* Mocks & Stubs */ = {
			isa = PBXGroup;
			children = (
				9E2455E829106F370002EC93 /* Stubs.swift */,
				9E2455F52911758E0002EC93 /* MockStocksAPI.swift */,
			);
			path = "Mocks & Stubs";
			sourceTree = "<group>";
		};
		9E2455EF291072CC0002EC93 /* Extensions */ = {
			isa = PBXGroup;
			children = (
				9E2455F0291072E90002EC93 /* Quote + Extensions.swift */,
				9E2456032911A9530002EC93 /* Foundation + Extensions.swift */,
				9E2456072911AC420002EC93 /* ChartRange + Extensions.swift */,
			);
			path = Extensions;
			sourceTree = "<group>";
		};
		9E2455F2291174C00002EC93 /* Services */ = {
			isa = PBXGroup;
			children = (
				9E2455F3291174D80002EC93 /* StocksAPI.swift */,
			);
			path = Services;
			sourceTree = "<group>";
		};
		9E2456092911ADAC0002EC93 /* Sheet Views */ = {
			isa = PBXGroup;
			children = (
				9E2455FB2911A1E60002EC93 /* StockTickerView.swift */,
				9E2456012911A4B70002EC93 /* QuoteDetailRowColumnView.swift */,
				9E2456052911ABE70002EC93 /* DateRangePickerView.swift */,
			);
			path = "Sheet Views";
			sourceTree = "<group>";
		};
		9EE838092910220B00CE13EA /* Models */ = {
			isa = PBXGroup;
			children = (
				9EE8380A2910222700CE13EA /* TickerListRowData.swift */,
				9E2455F729117FB90002EC93 /* FetchState.swift */,
			);
			path = Models;
			sourceTree = "<group>";
		};
		9EE8380C29105DDA00CE13EA /* Views */ = {
			isa = PBXGroup;
			children = (
				9E2456092911ADAC0002EC93 /* Sheet Views */,
				9E2455DD2910681F0002EC93 /* Common */,
				9E13CF8E2910147C00646E92 /* StockListView.swift */,
				9EE8380D29105DF900CE13EA /* TickerListRowView.swift */,
			);
			path = Views;
			sourceTree = "<group>";
		};
/* End PBXGroup section */

/* Begin PBXNativeTarget section */
		9E13CF882910147C00646E92 /* MarketsApp */ = {
			isa = PBXNativeTarget;
			buildConfigurationList = 9E13CFAD2910148600646E92 /* Build configuration list for PBXNativeTarget "MarketsApp" */;
			buildPhases = (
				9E13CF852910147C00646E92 /* Sources */,
				9E13CF862910147C00646E92 /* Frameworks */,
				9E13CF872910147C00646E92 /* Resources */,
			);
			buildRules = (
			);
			dependencies = (
			);
			name = MarketsApp;
			packageProductDependencies = (
				9E13CFBF2910215C00646E92 /* StocksAPI */,
			);
			productName = MarketsApp;
			productReference = 9E13CF892910147C00646E92 /* MarketsApp.app */;
			productType = "com.apple.product-type.application";
		};
		9E13CF982910148600646E92 /* MarketsAppTests */ = {
			isa = PBXNativeTarget;
			buildConfigurationList = 9E13CFB02910148600646E92 /* Build configuration list for PBXNativeTarget "MarketsAppTests" */;
			buildPhases = (
				9E13CF952910148600646E92 /* Sources */,
				9E13CF962910148600646E92 /* Frameworks */,
				9E13CF972910148600646E92 /* Resources */,
			);
			buildRules = (
			);
			dependencies = (
				9E13CF9B2910148600646E92 /* PBXTargetDependency */,
			);
			name = MarketsAppTests;
			productName = MarketsAppTests;
			productReference = 9E13CF992910148600646E92 /* MarketsAppTests.xctest */;
			productType = "com.apple.product-type.bundle.unit-test";
		};
		9E13CFA22910148600646E92 /* MarketsAppUITests */ = {
			isa = PBXNativeTarget;
			buildConfigurationList = 9E13CFB32910148600646E92 /* Build configuration list for PBXNativeTarget "MarketsAppUITests" */;
			buildPhases = (
				9E13CF9F2910148600646E92 /* Sources */,
				9E13CFA02910148600646E92 /* Frameworks */,
				9E13CFA12910148600646E92 /* Resources */,
			);
			buildRules = (
			);
			dependencies = (
				9E13CFA52910148600646E92 /* PBXTargetDependency */,
			);
			name = MarketsAppUITests;
			productName = MarketsAppUITests;
			productReference = 9E13CFA32910148600646E92 /* MarketsAppUITests.xctest */;
			productType = "com.apple.product-type.bundle.ui-testing";
		};
/* End PBXNativeTarget section */

/* Begin PBXProject section */
		9E13CF812910147B00646E92 /* Project object */ = {
			isa = PBXProject;
			attributes = {
				BuildIndependentTargetsInParallel = 1;
				LastSwiftUpdateCheck = 1400;
				LastUpgradeCheck = 1400;
				TargetAttributes = {
					9E13CF882910147C00646E92 = {
						CreatedOnToolsVersion = 14.0.1;
					};
					9E13CF982910148600646E92 = {
						CreatedOnToolsVersion = 14.0.1;
						TestTargetID = 9E13CF882910147C00646E92;
					};
					9E13CFA22910148600646E92 = {
						CreatedOnToolsVersion = 14.0.1;
						TestTargetID = 9E13CF882910147C00646E92;
					};
				};
			};
			buildConfigurationList = 9E13CF842910147B00646E92 /* Build configuration list for PBXProject "MarketsApp" */;
			compatibilityVersion = "Xcode 14.0";
			developmentRegion = en;
			hasScannedForEncodings = 0;
			knownRegions = (
				en,
				Base,
			);
			mainGroup = 9E13CF802910147B00646E92;
			packageReferences = (
			);
			productRefGroup = 9E13CF8A2910147C00646E92 /* Products */;
			projectDirPath = "";
			projectRoot = "";
			targets = (
				9E13CF882910147C00646E92 /* MarketsApp */,
				9E13CF982910148600646E92 /* MarketsAppTests */,
				9E13CFA22910148600646E92 /* MarketsAppUITests */,
			);
		};
/* End PBXProject section */

/* Begin PBXResourcesBuildPhase section */
		9E13CF872910147C00646E92 /* Resources */ = {
			isa = PBXResourcesBuildPhase;
			buildActionMask = 2147483647;
			files = (
				9E13CF942910148500646E92 /* Preview Assets.xcassets in Resources */,
				9E13CF912910148500646E92 /* Assets.xcassets in Resources */,
			);
			runOnlyForDeploymentPostprocessing = 0;
		};
		9E13CF972910148600646E92 /* Resources */ = {
			isa = PBXResourcesBuildPhase;
			buildActionMask = 2147483647;
			files = (
			);
			runOnlyForDeploymentPostprocessing = 0;
		};
		9E13CFA12910148600646E92 /* Resources */ = {
			isa = PBXResourcesBuildPhase;
			buildActionMask = 2147483647;
			files = (
			);
			runOnlyForDeploymentPostprocessing = 0;
		};
/* End PBXResourcesBuildPhase section */

/* Begin PBXSourcesBuildPhase section */
		9E13CF852910147C00646E92 /* Sources */ = {
			isa = PBXSourcesBuildPhase;
			buildActionMask = 2147483647;
			files = (
				9E2455F1291072E90002EC93 /* Quote + Extensions.swift in Sources */,
				9E2455FC2911A1E60002EC93 /* StockTickerView.swift in Sources */,
				9E2455E929106F370002EC93 /* Stubs.swift in Sources */,
				9E2455E329106B510002EC93 /* LoadingStateView.swift in Sources */,
				9E2456062911ABE70002EC93 /* DateRangePickerView.swift in Sources */,
				9E13CF8F2910147C00646E92 /* StockListView.swift in Sources */,
				9E2455EB291070330002EC93 /* QuotesViewModel.swift in Sources */,
				9E2455F829117FB90002EC93 /* FetchState.swift in Sources */,
				9E2455E629106EAE0002EC93 /* AppViewModel.swift in Sources */,
				9E2456082911AC420002EC93 /* ChartRange + Extensions.swift in Sources */,
				9E13CF8D2910147C00646E92 /* MarketsApp.swift in Sources */,
				9E2455DF291068340002EC93 /* EmptyStateView.swift in Sources */,
				9E2455FE2911A24B0002EC93 /* TickerQuoteViewModel.swift in Sources */,
				9E2456022911A4B70002EC93 /* QuoteDetailRowColumnView.swift in Sources */,
				9E2455EE2910709B0002EC93 /* Utils.swift in Sources */,
				9E2455F4291174D80002EC93 /* StocksAPI.swift in Sources */,
				9E2456042911A9530002EC93 /* Foundation + Extensions.swift in Sources */,
				9E2455E1291069EE0002EC93 /* ErrorStateView.swift in Sources */,
				9E2455F62911758E0002EC93 /* MockStocksAPI.swift in Sources */,
				9EE8380B2910222700CE13EA /* TickerListRowData.swift in Sources */,
				9EE8380E29105DF900CE13EA /* TickerListRowView.swift in Sources */,
			);
			runOnlyForDeploymentPostprocessing = 0;
		};
		9E13CF952910148600646E92 /* Sources */ = {
			isa = PBXSourcesBuildPhase;
			buildActionMask = 2147483647;
			files = (
				9E13CF9E2910148600646E92 /* MarketsAppTests.swift in Sources */,
			);
			runOnlyForDeploymentPostprocessing = 0;
		};
		9E13CF9F2910148600646E92 /* Sources */ = {
			isa = PBXSourcesBuildPhase;
			buildActionMask = 2147483647;
			files = (
				9E13CFAA2910148600646E92 /* MarketsAppUITestsLaunchTests.swift in Sources */,
				9E13CFA82910148600646E92 /* MarketsAppUITests.swift in Sources */,
			);
			runOnlyForDeploymentPostprocessing = 0;
		};
/* End PBXSourcesBuildPhase section */

/* Begin PBXTargetDependency section */
		9E13CF9B2910148600646E92 /* PBXTargetDependency */ = {
			isa = PBXTargetDependency;
			target = 9E13CF882910147C00646E92 /* MarketsApp */;
			targetProxy = 9E13CF9A2910148600646E92 /* PBXContainerItemProxy */;
		};
		9E13CFA52910148600646E92 /* PBXTargetDependency */ = {
			isa = PBXTargetDependency;
			target = 9E13CF882910147C00646E92 /* MarketsApp */;
			targetProxy = 9E13CFA42910148600646E92 /* PBXContainerItemProxy */;
		};
/* End PBXTargetDependency section */

/* Begin XCBuildConfiguration section */
		9E13CFAB2910148600646E92 /* Debug */ = {
			isa = XCBuildConfiguration;
			buildSettings = {
				ALWAYS_SEARCH_USER_PATHS = NO;
				CLANG_ANALYZER_NONNULL = YES;
				CLANG_ANALYZER_NUMBER_OBJECT_CONVERSION = YES_AGGRESSIVE;
				CLANG_CXX_LANGUAGE_STANDARD = "gnu++20";
				CLANG_ENABLE_MODULES = YES;
				CLANG_ENABLE_OBJC_ARC = YES;
				CLANG_ENABLE_OBJC_WEAK = YES;
				CLANG_WARN_BLOCK_CAPTURE_AUTORELEASING = YES;
				CLANG_WARN_BOOL_CONVERSION = YES;
				CLANG_WARN_COMMA = YES;
				CLANG_WARN_CONSTANT_CONVERSION = YES;
				CLANG_WARN_DEPRECATED_OBJC_IMPLEMENTATIONS = YES;
				CLANG_WARN_DIRECT_OBJC_ISA_USAGE = YES_ERROR;
				CLANG_WARN_DOCUMENTATION_COMMENTS = YES;
				CLANG_WARN_EMPTY_BODY = YES;
				CLANG_WARN_ENUM_CONVERSION = YES;
				CLANG_WARN_INFINITE_RECURSION = YES;
				CLANG_WARN_INT_CONVERSION = YES;
				CLANG_WARN_NON_LITERAL_NULL_CONVERSION = YES;
				CLANG_WARN_OBJC_IMPLICIT_RETAIN_SELF = YES;
				CLANG_WARN_OBJC_LITERAL_CONVERSION = YES;
				CLANG_WARN_OBJC_ROOT_CLASS = YES_ERROR;
				CLANG_WARN_QUOTED_INCLUDE_IN_FRAMEWORK_HEADER = YES;
				CLANG_WARN_RANGE_LOOP_ANALYSIS = YES;
				CLANG_WARN_STRICT_PROTOTYPES = YES;
				CLANG_WARN_SUSPICIOUS_MOVE = YES;
				CLANG_WARN_UNGUARDED_AVAILABILITY = YES_AGGRESSIVE;
				CLANG_WARN_UNREACHABLE_CODE = YES;
				CLANG_WARN__DUPLICATE_METHOD_MATCH = YES;
				COPY_PHASE_STRIP = NO;
				DEBUG_INFORMATION_FORMAT = dwarf;
				ENABLE_STRICT_OBJC_MSGSEND = YES;
				ENABLE_TESTABILITY = YES;
				GCC_C_LANGUAGE_STANDARD = gnu11;
				GCC_DYNAMIC_NO_PIC = NO;
				GCC_NO_COMMON_BLOCKS = YES;
				GCC_OPTIMIZATION_LEVEL = 0;
				GCC_PREPROCESSOR_DEFINITIONS = (
					"DEBUG=1",
					"$(inherited)",
				);
				GCC_WARN_64_TO_32_BIT_CONVERSION = YES;
				GCC_WARN_ABOUT_RETURN_TYPE = YES_ERROR;
				GCC_WARN_UNDECLARED_SELECTOR = YES;
				GCC_WARN_UNINITIALIZED_AUTOS = YES_AGGRESSIVE;
				GCC_WARN_UNUSED_FUNCTION = YES;
				GCC_WARN_UNUSED_VARIABLE = YES;
				IPHONEOS_DEPLOYMENT_TARGET = 16.0;
				MTL_ENABLE_DEBUG_INFO = INCLUDE_SOURCE;
				MTL_FAST_MATH = YES;
				ONLY_ACTIVE_ARCH = YES;
				SDKROOT = iphoneos;
				SWIFT_ACTIVE_COMPILATION_CONDITIONS = DEBUG;
				SWIFT_OPTIMIZATION_LEVEL = "-Onone";
			};
			name = Debug;
		};
		9E13CFAC2910148600646E92 /* Release */ = {
			isa = XCBuildConfiguration;
			buildSettings = {
				ALWAYS_SEARCH_USER_PATHS = NO;
				CLANG_ANALYZER_NONNULL = YES;
				CLANG_ANALYZER_NUMBER_OBJECT_CONVERSION = YES_AGGRESSIVE;
				CLANG_CXX_LANGUAGE_STANDARD = "gnu++20";
				CLANG_ENABLE_MODULES = YES;
				CLANG_ENABLE_OBJC_ARC = YES;
				CLANG_ENABLE_OBJC_WEAK = YES;
				CLANG_WARN_BLOCK_CAPTURE_AUTORELEASING = YES;
				CLANG_WARN_BOOL_CONVERSION = YES;
				CLANG_WARN_COMMA = YES;
				CLANG_WARN_CONSTANT_CONVERSION = YES;
				CLANG_WARN_DEPRECATED_OBJC_IMPLEMENTATIONS = YES;
				CLANG_WARN_DIRECT_OBJC_ISA_USAGE = YES_ERROR;
				CLANG_WARN_DOCUMENTATION_COMMENTS = YES;
				CLANG_WARN_EMPTY_BODY = YES;
				CLANG_WARN_ENUM_CONVERSION = YES;
				CLANG_WARN_INFINITE_RECURSION = YES;
				CLANG_WARN_INT_CONVERSION = YES;
				CLANG_WARN_NON_LITERAL_NULL_CONVERSION = YES;
				CLANG_WARN_OBJC_IMPLICIT_RETAIN_SELF = YES;
				CLANG_WARN_OBJC_LITERAL_CONVERSION = YES;
				CLANG_WARN_OBJC_ROOT_CLASS = YES_ERROR;
				CLANG_WARN_QUOTED_INCLUDE_IN_FRAMEWORK_HEADER = YES;
				CLANG_WARN_RANGE_LOOP_ANALYSIS = YES;
				CLANG_WARN_STRICT_PROTOTYPES = YES;
				CLANG_WARN_SUSPICIOUS_MOVE = YES;
				CLANG_WARN_UNGUARDED_AVAILABILITY = YES_AGGRESSIVE;
				CLANG_WARN_UNREACHABLE_CODE = YES;
				CLANG_WARN__DUPLICATE_METHOD_MATCH = YES;
				COPY_PHASE_STRIP = NO;
				DEBUG_INFORMATION_FORMAT = "dwarf-with-dsym";
				ENABLE_NS_ASSERTIONS = NO;
				ENABLE_STRICT_OBJC_MSGSEND = YES;
				GCC_C_LANGUAGE_STANDARD = gnu11;
				GCC_NO_COMMON_BLOCKS = YES;
				GCC_WARN_64_TO_32_BIT_CONVERSION = YES;
				GCC_WARN_ABOUT_RETURN_TYPE = YES_ERROR;
				GCC_WARN_UNDECLARED_SELECTOR = YES;
				GCC_WARN_UNINITIALIZED_AUTOS = YES_AGGRESSIVE;
				GCC_WARN_UNUSED_FUNCTION = YES;
				GCC_WARN_UNUSED_VARIABLE = YES;
				IPHONEOS_DEPLOYMENT_TARGET = 16.0;
				MTL_ENABLE_DEBUG_INFO = NO;
				MTL_FAST_MATH = YES;
				SDKROOT = iphoneos;
				SWIFT_COMPILATION_MODE = wholemodule;
				SWIFT_OPTIMIZATION_LEVEL = "-O";
				VALIDATE_PRODUCT = YES;
			};
			name = Release;
		};
		9E13CFAE2910148600646E92 /* Debug */ = {
			isa = XCBuildConfiguration;
			buildSettings = {
				ASSETCATALOG_COMPILER_APPICON_NAME = AppIcon;
				ASSETCATALOG_COMPILER_GLOBAL_ACCENT_COLOR_NAME = AccentColor;
				CODE_SIGN_STYLE = Automatic;
				CURRENT_PROJECT_VERSION = 1;
				DEVELOPMENT_ASSET_PATHS = "\"MarketsApp/Preview Content\"";
				DEVELOPMENT_TEAM = 7PALXJ22GR;
				ENABLE_PREVIEWS = YES;
				GENERATE_INFOPLIST_FILE = YES;
				INFOPLIST_KEY_UIApplicationSceneManifest_Generation = YES;
				INFOPLIST_KEY_UIApplicationSupportsIndirectInputEvents = YES;
				INFOPLIST_KEY_UILaunchScreen_Generation = YES;
				INFOPLIST_KEY_UISupportedInterfaceOrientations_iPad = "UIInterfaceOrientationPortrait UIInterfaceOrientationPortraitUpsideDown UIInterfaceOrientationLandscapeLeft UIInterfaceOrientationLandscapeRight";
				INFOPLIST_KEY_UISupportedInterfaceOrientations_iPhone = "UIInterfaceOrientationPortrait UIInterfaceOrientationLandscapeLeft UIInterfaceOrientationLandscapeRight";
				LD_RUNPATH_SEARCH_PATHS = (
					"$(inherited)",
					"@executable_path/Frameworks",
				);
				MARKETING_VERSION = 1.0;
				PRODUCT_BUNDLE_IDENTIFIER = com.snowmaninflames.MarketsApp;
				PRODUCT_NAME = "$(TARGET_NAME)";
				SWIFT_EMIT_LOC_STRINGS = YES;
				SWIFT_VERSION = 5.0;
				TARGETED_DEVICE_FAMILY = "1,2";
			};
			name = Debug;
		};
		9E13CFAF2910148600646E92 /* Release */ = {
			isa = XCBuildConfiguration;
			buildSettings = {
				ASSETCATALOG_COMPILER_APPICON_NAME = AppIcon;
				ASSETCATALOG_COMPILER_GLOBAL_ACCENT_COLOR_NAME = AccentColor;
				CODE_SIGN_STYLE = Automatic;
				CURRENT_PROJECT_VERSION = 1;
				DEVELOPMENT_ASSET_PATHS = "\"MarketsApp/Preview Content\"";
				DEVELOPMENT_TEAM = 7PALXJ22GR;
				ENABLE_PREVIEWS = YES;
				GENERATE_INFOPLIST_FILE = YES;
				INFOPLIST_KEY_UIApplicationSceneManifest_Generation = YES;
				INFOPLIST_KEY_UIApplicationSupportsIndirectInputEvents = YES;
				INFOPLIST_KEY_UILaunchScreen_Generation = YES;
				INFOPLIST_KEY_UISupportedInterfaceOrientations_iPad = "UIInterfaceOrientationPortrait UIInterfaceOrientationPortraitUpsideDown UIInterfaceOrientationLandscapeLeft UIInterfaceOrientationLandscapeRight";
				INFOPLIST_KEY_UISupportedInterfaceOrientations_iPhone = "UIInterfaceOrientationPortrait UIInterfaceOrientationLandscapeLeft UIInterfaceOrientationLandscapeRight";
				LD_RUNPATH_SEARCH_PATHS = (
					"$(inherited)",
					"@executable_path/Frameworks",
				);
				MARKETING_VERSION = 1.0;
				PRODUCT_BUNDLE_IDENTIFIER = com.snowmaninflames.MarketsApp;
				PRODUCT_NAME = "$(TARGET_NAME)";
				SWIFT_EMIT_LOC_STRINGS = YES;
				SWIFT_VERSION = 5.0;
				TARGETED_DEVICE_FAMILY = "1,2";
			};
			name = Release;
		};
		9E13CFB12910148600646E92 /* Debug */ = {
			isa = XCBuildConfiguration;
			buildSettings = {
				ALWAYS_EMBED_SWIFT_STANDARD_LIBRARIES = YES;
				BUNDLE_LOADER = "$(TEST_HOST)";
				CODE_SIGN_STYLE = Automatic;
				CURRENT_PROJECT_VERSION = 1;
				DEVELOPMENT_TEAM = 7PALXJ22GR;
				GENERATE_INFOPLIST_FILE = YES;
				IPHONEOS_DEPLOYMENT_TARGET = 16.0;
				MARKETING_VERSION = 1.0;
				PRODUCT_BUNDLE_IDENTIFIER = com.snowmaninflames.MarketsAppTests;
				PRODUCT_NAME = "$(TARGET_NAME)";
				SWIFT_EMIT_LOC_STRINGS = NO;
				SWIFT_VERSION = 5.0;
				TARGETED_DEVICE_FAMILY = "1,2";
				TEST_HOST = "$(BUILT_PRODUCTS_DIR)/MarketsApp.app/$(BUNDLE_EXECUTABLE_FOLDER_PATH)/MarketsApp";
			};
			name = Debug;
		};
		9E13CFB22910148600646E92 /* Release */ = {
			isa = XCBuildConfiguration;
			buildSettings = {
				ALWAYS_EMBED_SWIFT_STANDARD_LIBRARIES = YES;
				BUNDLE_LOADER = "$(TEST_HOST)";
				CODE_SIGN_STYLE = Automatic;
				CURRENT_PROJECT_VERSION = 1;
				DEVELOPMENT_TEAM = 7PALXJ22GR;
				GENERATE_INFOPLIST_FILE = YES;
				IPHONEOS_DEPLOYMENT_TARGET = 16.0;
				MARKETING_VERSION = 1.0;
				PRODUCT_BUNDLE_IDENTIFIER = com.snowmaninflames.MarketsAppTests;
				PRODUCT_NAME = "$(TARGET_NAME)";
				SWIFT_EMIT_LOC_STRINGS = NO;
				SWIFT_VERSION = 5.0;
				TARGETED_DEVICE_FAMILY = "1,2";
				TEST_HOST = "$(BUILT_PRODUCTS_DIR)/MarketsApp.app/$(BUNDLE_EXECUTABLE_FOLDER_PATH)/MarketsApp";
			};
			name = Release;
		};
		9E13CFB42910148600646E92 /* Debug */ = {
			isa = XCBuildConfiguration;
			buildSettings = {
				ALWAYS_EMBED_SWIFT_STANDARD_LIBRARIES = YES;
				CODE_SIGN_STYLE = Automatic;
				CURRENT_PROJECT_VERSION = 1;
				DEVELOPMENT_TEAM = 7PALXJ22GR;
				GENERATE_INFOPLIST_FILE = YES;
				MARKETING_VERSION = 1.0;
				PRODUCT_BUNDLE_IDENTIFIER = com.snowmaninflames.MarketsAppUITests;
				PRODUCT_NAME = "$(TARGET_NAME)";
				SWIFT_EMIT_LOC_STRINGS = NO;
				SWIFT_VERSION = 5.0;
				TARGETED_DEVICE_FAMILY = "1,2";
				TEST_TARGET_NAME = MarketsApp;
			};
			name = Debug;
		};
		9E13CFB52910148600646E92 /* Release */ = {
			isa = XCBuildConfiguration;
			buildSettings = {
				ALWAYS_EMBED_SWIFT_STANDARD_LIBRARIES = YES;
				CODE_SIGN_STYLE = Automatic;
				CURRENT_PROJECT_VERSION = 1;
				DEVELOPMENT_TEAM = 7PALXJ22GR;
				GENERATE_INFOPLIST_FILE = YES;
				MARKETING_VERSION = 1.0;
				PRODUCT_BUNDLE_IDENTIFIER = com.snowmaninflames.MarketsAppUITests;
				PRODUCT_NAME = "$(TARGET_NAME)";
				SWIFT_EMIT_LOC_STRINGS = NO;
				SWIFT_VERSION = 5.0;
				TARGETED_DEVICE_FAMILY = "1,2";
				TEST_TARGET_NAME = MarketsApp;
			};
			name = Release;
		};
/* End XCBuildConfiguration section */

/* Begin XCConfigurationList section */
		9E13CF842910147B00646E92 /* Build configuration list for PBXProject "MarketsApp" */ = {
			isa = XCConfigurationList;
			buildConfigurations = (
				9E13CFAB2910148600646E92 /* Debug */,
				9E13CFAC2910148600646E92 /* Release */,
			);
			defaultConfigurationIsVisible = 0;
			defaultConfigurationName = Release;
		};
		9E13CFAD2910148600646E92 /* Build configuration list for PBXNativeTarget "MarketsApp" */ = {
			isa = XCConfigurationList;
			buildConfigurations = (
				9E13CFAE2910148600646E92 /* Debug */,
				9E13CFAF2910148600646E92 /* Release */,
			);
			defaultConfigurationIsVisible = 0;
			defaultConfigurationName = Release;
		};
		9E13CFB02910148600646E92 /* Build configuration list for PBXNativeTarget "MarketsAppTests" */ = {
			isa = XCConfigurationList;
			buildConfigurations = (
				9E13CFB12910148600646E92 /* Debug */,
				9E13CFB22910148600646E92 /* Release */,
			);
			defaultConfigurationIsVisible = 0;
			defaultConfigurationName = Release;
		};
		9E13CFB32910148600646E92 /* Build configuration list for PBXNativeTarget "MarketsAppUITests" */ = {
			isa = XCConfigurationList;
			buildConfigurations = (
				9E13CFB42910148600646E92 /* Debug */,
				9E13CFB52910148600646E92 /* Release */,
			);
			defaultConfigurationIsVisible = 0;
			defaultConfigurationName = Release;
		};
/* End XCConfigurationList section */

/* Begin XCSwiftPackageProductDependency section */
		9E13CFBF2910215C00646E92 /* StocksAPI */ = {
			isa = XCSwiftPackageProductDependency;
			productName = StocksAPI;
		};
/* End XCSwiftPackageProductDependency section */
	};
	rootObject = 9E13CF812910147B00646E92 /* Project object */;
}
